
Microsoft Visual Studio Solution File, Format Version 12.00
# Visual Studio 2012
Project("{FAE04EC0-301F-11D3-BF4B-00C04F79EFBC}") = "Eisk.MVC", "Eisk.MVC\Eisk.MVC.csproj", "{761CC764-B098-495A-8FAE-9593EB001D16}"
EndProject
Project("{FAE04EC0-301F-11D3-BF4B-00C04F79EFBC}") = "Eisk.MVC.Tests", "Eisk.MVC.Tests\Eisk.MVC.Tests.csproj", "{B36A49EE-639D-48A7-8525-CFB094F5C71F}"
EndProject
Global
	GlobalSection(TeamFoundationVersionControl) = preSolution
		SccNumberOfProjects = 3
		SccEnterpriseProvider = {4CA58AB2-18FA-4F8D-95D4-32DDF27D184C}
		SccTeamFoundationServer = https://tfs.codeplex.com/tfs/tfs10
		SccLocalPath0 = .
		SccProjectUniqueName1 = Eisk.MVC\\Eisk.MVC.csproj
		SccProjectName1 = Eisk.MVC
		SccLocalPath1 = Eisk.MVC
		SccProjectUniqueName2 = Eisk.MVC.Tests\\Eisk.MVC.Tests.csproj
		SccProjectName2 = Eisk.MVC.Tests
		SccLocalPath2 = Eisk.MVC.Tests
	EndGlobalSection
	GlobalSection(SolutionConfigurationPlatforms) = preSolution
		Debug|Any CPU = Debug|Any CPU
		Release|Any CPU = Release|Any CPU
	EndGlobalSection
	GlobalSection(ProjectConfigurationPlatforms) = postSolution
		{761CC764-B098-495A-8FAE-9593EB001D16}.Debug|Any CPU.ActiveCfg = Debug|Any CPU
		{761CC764-B098-495A-8FAE-9593EB001D16}.Debug|Any CPU.Build.0 = Debug|Any CPU
		{761CC764-B098-495A-8FAE-9593EB001D16}.Release|Any CPU.ActiveCfg = Release|Any CPU
		{761CC764-B098-495A-8FAE-9593EB001D16}.Release|Any CPU.Build.0 = Release|Any CPU
		{B36A49EE-639D-48A7-8525-CFB094F5C71F}.Debug|Any CPU.ActiveCfg = Debug|Any CPU
		{B36A49EE-639D-48A7-8525-CFB094F5C71F}.Debug|Any CPU.Build.0 = Debug|Any CPU
		{B36A49EE-639D-48A7-8525-CFB094F5C71F}.Release|Any CPU.ActiveCfg = Release|Any CPU
		{B36A49EE-639D-48A7-8525-CFB094F5C71F}.Release|Any CPU.Build.0 = Release|Any CPU
	EndGlobalSection
	GlobalSection(SolutionProperties) = preSolution
		HideSolutionNode = FALSE
	EndGlobalSection
	GlobalSection(ExtensibilityGlobals) = postSolution
		EnterpriseLibraryConfigurationToolBinariesPath = packages\Unity.2.1.505.0\lib\NET35
	EndGlobalSection
EndGlobal
