
Microsoft Visual Studio Solution File, Format Version 11.00
# Visual Studio 2010
Project("{2150E333-8FDC-42A3-9474-1A3956D46DE8}") = "Solution Items", "Solution Items", "{75FF8F0A-4BA9-4E2A-BE3B-0CEFD51EB9FD}"
	ProjectSection(SolutionItems) = preProject
		Eisk.Web Form.Ultimate1.vsmdi = Eisk.Web Form.Ultimate1.vsmdi
		LocalTestRun.testrunconfig = LocalTestRun.testrunconfig
		ReadMe.txt = ReadMe.txt
	EndProjectSection
EndProject
Project("{2150E333-8FDC-42A3-9474-1A3956D46DE8}") = "Tests", "Tests", "{55B191EC-A50A-4191-9FDB-4E523F82F69C}"
EndProject
Project("{2150E333-8FDC-42A3-9474-1A3956D46DE8}") = "Architecture", "Architecture", "{AABF03A9-0E7F-44BA-B175-CC5A135F61FB}"
EndProject
Project("{2150E333-8FDC-42A3-9474-1A3956D46DE8}") = "doc", "doc", "{AC057F17-39B6-4DF2-AD05-08B26124956C}"
	ProjectSection(SolutionItems) = preProject
		Design Notes.txt = Design Notes.txt
	EndProjectSection
EndProject
Project("{FAE04EC0-301F-11D3-BF4B-00C04F79EFBC}") = "Eisk.Web", "..\Eisk.Web\Eisk.Web.csproj", "{E4054609-47C8-40ED-9B17-74084D2A38CE}"
EndProject
Project("{F088123C-0E9E-452A-89E6-6BA2F21D5CAC}") = "Eisk.Architecture", "..\Eisk.Architecture\Eisk.Architecture.modelproj", "{6B56687A-C9E0-499D-A46D-89AA7DF19813}"
EndProject
Project("{FAE04EC0-301F-11D3-BF4B-00C04F79EFBC}") = "Eisk.TestHelpers", "..\Eisk.Tests\Eisk.TestHelpers\Eisk.TestHelpers.csproj", "{8DD4D52B-9FA0-4BFB-BC48-B39ABEBAC890}"
EndProject
Project("{FAE04EC0-301F-11D3-BF4B-00C04F79EFBC}") = "Eisk.Tests.IntegrationTests.CodedUiTests", "..\Eisk.Tests\Eisk.Tests.IntegrationTests.CodedUiTests\Eisk.Tests.IntegrationTests.CodedUiTests.csproj", "{5C22242E-C0AB-418E-88A5-AEC217C42329}"
EndProject
Project("{FAE04EC0-301F-11D3-BF4B-00C04F79EFBC}") = "Eisk.Tests.IntegrationTests.ConfigurationTests", "..\Eisk.Tests\Eisk.Tests.IntegrationTests.ConfigurationTests\Eisk.Tests.IntegrationTests.ConfigurationTests.csproj", "{D402F5FA-5777-4FB6-B7A1-97E7E8B43008}"
EndProject
Project("{FAE04EC0-301F-11D3-BF4B-00C04F79EFBC}") = "Eisk.Tests.IntegrationTests.DataAccessTests", "..\Eisk.Tests\Eisk.Tests.IntegrationTests.DataAccessTests\Eisk.Tests.IntegrationTests.DataAccessTests.csproj", "{BBF7D722-8D15-47DC-9AC4-77E84EF04DFF}"
EndProject
Project("{FAE04EC0-301F-11D3-BF4B-00C04F79EFBC}") = "Eisk.Tests.IntegrationTests.LoadTests", "..\Eisk.Tests\Eisk.Tests.IntegrationTests.LoadTests\Eisk.Tests.IntegrationTests.LoadTests.csproj", "{DE119620-D463-427E-8A26-B9040762B863}"
EndProject
Project("{FAE04EC0-301F-11D3-BF4B-00C04F79EFBC}") = "Eisk.Tests.IntegrationTests.WebTests", "..\Eisk.Tests\Eisk.Tests.IntegrationTests.WebTests\Eisk.Tests.IntegrationTests.WebTests.csproj", "{6EE8128B-7DDE-4DA5-B1EC-873B1E1F7582}"
EndProject
Project("{FAE04EC0-301F-11D3-BF4B-00C04F79EFBC}") = "Eisk.Tests.UnitTests", "..\Eisk.Tests\Eisk.Tests.UnitTests\Eisk.Tests.UnitTests.csproj", "{5913D55A-2CD1-4D4D-B026-5BCF8C6421E2}"
EndProject
Project("{FAE04EC0-301F-11D3-BF4B-00C04F79EFBC}") = "Eisk.Tests.UnitTests.MockTests", "..\Eisk.Tests\Eisk.Tests.UnitTests.MockTests\Eisk.Tests.UnitTests.MockTests.csproj", "{9D4F05F5-CD6B-4EAF-8B1B-2B4495D65025}"
EndProject
Global
	GlobalSection(TeamFoundationVersionControl) = preSolution
		SccNumberOfProjects = 11
		SccEnterpriseProvider = {4CA58AB2-18FA-4F8D-95D4-32DDF27D184C}
		SccTeamFoundationServer = https://tfs.codeplex.com/tfs/tfs10
		SccLocalPath0 = .
		SccProjectUniqueName1 = ..\\Eisk.Web\\Eisk.Web.csproj
		SccProjectName1 = ../Eisk.Web
		SccLocalPath1 = ..\\Eisk.Web
		SccProjectUniqueName2 = ..\\Eisk.Architecture\\Eisk.Architecture.modelproj
		SccProjectTopLevelParentUniqueName2 = Eisk.Web\u0020Form.Ultimate.sln
		SccProjectName2 = ../Eisk.Architecture
		SccLocalPath2 = ..\\Eisk.Architecture
		SccProjectUniqueName3 = ..\\Eisk.Tests\\Eisk.TestHelpers\\Eisk.TestHelpers.csproj
		SccProjectTopLevelParentUniqueName3 = Eisk.Web\u0020Form.Ultimate.sln
		SccProjectName3 = ../Eisk.Tests/Eisk.TestHelpers
		SccLocalPath3 = ..\\Eisk.Tests\\Eisk.TestHelpers
		SccProjectUniqueName4 = ..\\Eisk.Tests\\Eisk.Tests.IntegrationTests.CodedUiTests\\Eisk.Tests.IntegrationTests.CodedUiTests.csproj
		SccProjectTopLevelParentUniqueName4 = Eisk.Web\u0020Form.Ultimate.sln
		SccProjectName4 = ../Eisk.Tests/Eisk.Tests.IntegrationTests.CodedUiTests
		SccLocalPath4 = ..\\Eisk.Tests\\Eisk.Tests.IntegrationTests.CodedUiTests
		SccProjectUniqueName5 = ..\\Eisk.Tests\\Eisk.Tests.IntegrationTests.ConfigurationTests\\Eisk.Tests.IntegrationTests.ConfigurationTests.csproj
		SccProjectTopLevelParentUniqueName5 = Eisk.Web\u0020Form.Ultimate.sln
		SccProjectName5 = ../Eisk.Tests/Eisk.Tests.IntegrationTests.ConfigurationTests
		SccLocalPath5 = ..\\Eisk.Tests\\Eisk.Tests.IntegrationTests.ConfigurationTests
		SccProjectUniqueName6 = ..\\Eisk.Tests\\Eisk.Tests.IntegrationTests.DataAccessTests\\Eisk.Tests.IntegrationTests.DataAccessTests.csproj
		SccProjectTopLevelParentUniqueName6 = Eisk.Web\u0020Form.Ultimate.sln
		SccProjectName6 = ../Eisk.Tests/Eisk.Tests.IntegrationTests.DataAccessTests
		SccLocalPath6 = ..\\Eisk.Tests\\Eisk.Tests.IntegrationTests.DataAccessTests
		SccProjectUniqueName7 = ..\\Eisk.Tests\\Eisk.Tests.IntegrationTests.LoadTests\\Eisk.Tests.IntegrationTests.LoadTests.csproj
		SccProjectTopLevelParentUniqueName7 = Eisk.Web\u0020Form.Ultimate.sln
		SccProjectName7 = ../Eisk.Tests/Eisk.Tests.IntegrationTests.LoadTests
		SccLocalPath7 = ..\\Eisk.Tests\\Eisk.Tests.IntegrationTests.LoadTests
		SccProjectUniqueName8 = ..\\Eisk.Tests\\Eisk.Tests.IntegrationTests.WebTests\\Eisk.Tests.IntegrationTests.WebTests.csproj
		SccProjectTopLevelParentUniqueName8 = Eisk.Web\u0020Form.Ultimate.sln
		SccProjectName8 = ../Eisk.Tests/Eisk.Tests.IntegrationTests.WebTests
		SccLocalPath8 = ..\\Eisk.Tests\\Eisk.Tests.IntegrationTests.WebTests
		SccProjectUniqueName9 = ..\\Eisk.Tests\\Eisk.Tests.UnitTests\\Eisk.Tests.UnitTests.csproj
		SccProjectTopLevelParentUniqueName9 = Eisk.Web\u0020Form.Ultimate.sln
		SccProjectName9 = ../Eisk.Tests/Eisk.Tests.UnitTests
		SccLocalPath9 = ..\\Eisk.Tests\\Eisk.Tests.UnitTests
		SccProjectUniqueName10 = ..\\Eisk.Tests\\Eisk.Tests.UnitTests.MockTests\\Eisk.Tests.UnitTests.MockTests.csproj
		SccProjectTopLevelParentUniqueName10 = Eisk.Web\u0020Form.Ultimate.sln
		SccProjectName10 = ../Eisk.Tests/Eisk.Tests.UnitTests.MockTests
		SccLocalPath10 = ..\\Eisk.Tests\\Eisk.Tests.UnitTests.MockTests
	EndGlobalSection
	GlobalSection(TestCaseManagementSettings) = postSolution
		CategoryFile = Eisk.Web Form.Ultimate1.vsmdi
	EndGlobalSection
	GlobalSection(SolutionConfigurationPlatforms) = preSolution
		Debug|.NET = Debug|.NET
		Debug|Any CPU = Debug|Any CPU
		Debug|Mixed Platforms = Debug|Mixed Platforms
		Debug|x86 = Debug|x86
		Default|.NET = Default|.NET
		Default|Any CPU = Default|Any CPU
		Default|Mixed Platforms = Default|Mixed Platforms
		Default|x86 = Default|x86
		Release|.NET = Release|.NET
		Release|Any CPU = Release|Any CPU
		Release|Mixed Platforms = Release|Mixed Platforms
		Release|x86 = Release|x86
	EndGlobalSection
	GlobalSection(ProjectConfigurationPlatforms) = postSolution
		{E4054609-47C8-40ED-9B17-74084D2A38CE}.Debug|.NET.ActiveCfg = Debug|Any CPU
		{E4054609-47C8-40ED-9B17-74084D2A38CE}.Debug|Any CPU.ActiveCfg = Debug|Any CPU
		{E4054609-47C8-40ED-9B17-74084D2A38CE}.Debug|Any CPU.Build.0 = Debug|Any CPU
		{E4054609-47C8-40ED-9B17-74084D2A38CE}.Debug|Mixed Platforms.ActiveCfg = Debug|Any CPU
		{E4054609-47C8-40ED-9B17-74084D2A38CE}.Debug|Mixed Platforms.Build.0 = Debug|Any CPU
		{E4054609-47C8-40ED-9B17-74084D2A38CE}.Debug|x86.ActiveCfg = Debug|Any CPU
		{E4054609-47C8-40ED-9B17-74084D2A38CE}.Default|.NET.ActiveCfg = Debug|Any CPU
		{E4054609-47C8-40ED-9B17-74084D2A38CE}.Default|Any CPU.ActiveCfg = Debug|Any CPU
		{E4054609-47C8-40ED-9B17-74084D2A38CE}.Default|Any CPU.Build.0 = Debug|Any CPU
		{E4054609-47C8-40ED-9B17-74084D2A38CE}.Default|Mixed Platforms.ActiveCfg = Debug|Any CPU
		{E4054609-47C8-40ED-9B17-74084D2A38CE}.Default|Mixed Platforms.Build.0 = Debug|Any CPU
		{E4054609-47C8-40ED-9B17-74084D2A38CE}.Default|x86.ActiveCfg = Debug|Any CPU
		{E4054609-47C8-40ED-9B17-74084D2A38CE}.Release|.NET.ActiveCfg = Release|Any CPU
		{E4054609-47C8-40ED-9B17-74084D2A38CE}.Release|Any CPU.ActiveCfg = Release|Any CPU
		{E4054609-47C8-40ED-9B17-74084D2A38CE}.Release|Any CPU.Build.0 = Release|Any CPU
		{E4054609-47C8-40ED-9B17-74084D2A38CE}.Release|Mixed Platforms.ActiveCfg = Release|Any CPU
		{E4054609-47C8-40ED-9B17-74084D2A38CE}.Release|Mixed Platforms.Build.0 = Release|Any CPU
		{E4054609-47C8-40ED-9B17-74084D2A38CE}.Release|x86.ActiveCfg = Release|Any CPU
		{6B56687A-C9E0-499D-A46D-89AA7DF19813}.Debug|.NET.ActiveCfg = Debug|Any CPU
		{6B56687A-C9E0-499D-A46D-89AA7DF19813}.Debug|Any CPU.ActiveCfg = Debug|Any CPU
		{6B56687A-C9E0-499D-A46D-89AA7DF19813}.Debug|Any CPU.Build.0 = Debug|Any CPU
		{6B56687A-C9E0-499D-A46D-89AA7DF19813}.Debug|Mixed Platforms.ActiveCfg = Debug|Any CPU
		{6B56687A-C9E0-499D-A46D-89AA7DF19813}.Debug|Mixed Platforms.Build.0 = Debug|Any CPU
		{6B56687A-C9E0-499D-A46D-89AA7DF19813}.Debug|x86.ActiveCfg = Debug|Any CPU
		{6B56687A-C9E0-499D-A46D-89AA7DF19813}.Default|.NET.ActiveCfg = Debug|Any CPU
		{6B56687A-C9E0-499D-A46D-89AA7DF19813}.Default|Any CPU.ActiveCfg = Debug|Any CPU
		{6B56687A-C9E0-499D-A46D-89AA7DF19813}.Default|Any CPU.Build.0 = Debug|Any CPU
		{6B56687A-C9E0-499D-A46D-89AA7DF19813}.Default|Mixed Platforms.ActiveCfg = Debug|Any CPU
		{6B56687A-C9E0-499D-A46D-89AA7DF19813}.Default|Mixed Platforms.Build.0 = Debug|Any CPU
		{6B56687A-C9E0-499D-A46D-89AA7DF19813}.Default|x86.ActiveCfg = Debug|Any CPU
		{6B56687A-C9E0-499D-A46D-89AA7DF19813}.Release|.NET.ActiveCfg = Release|Any CPU
		{6B56687A-C9E0-499D-A46D-89AA7DF19813}.Release|Any CPU.ActiveCfg = Release|Any CPU
		{6B56687A-C9E0-499D-A46D-89AA7DF19813}.Release|Any CPU.Build.0 = Release|Any CPU
		{6B56687A-C9E0-499D-A46D-89AA7DF19813}.Release|Mixed Platforms.ActiveCfg = Release|Any CPU
		{6B56687A-C9E0-499D-A46D-89AA7DF19813}.Release|Mixed Platforms.Build.0 = Release|Any CPU
		{6B56687A-C9E0-499D-A46D-89AA7DF19813}.Release|x86.ActiveCfg = Release|Any CPU
		{8DD4D52B-9FA0-4BFB-BC48-B39ABEBAC890}.Debug|.NET.ActiveCfg = Debug|Any CPU
		{8DD4D52B-9FA0-4BFB-BC48-B39ABEBAC890}.Debug|Any CPU.ActiveCfg = Debug|Any CPU
		{8DD4D52B-9FA0-4BFB-BC48-B39ABEBAC890}.Debug|Any CPU.Build.0 = Debug|Any CPU
		{8DD4D52B-9FA0-4BFB-BC48-B39ABEBAC890}.Debug|Mixed Platforms.ActiveCfg = Debug|Any CPU
		{8DD4D52B-9FA0-4BFB-BC48-B39ABEBAC890}.Debug|Mixed Platforms.Build.0 = Debug|Any CPU
		{8DD4D52B-9FA0-4BFB-BC48-B39ABEBAC890}.Debug|x86.ActiveCfg = Debug|Any CPU
		{8DD4D52B-9FA0-4BFB-BC48-B39ABEBAC890}.Default|.NET.ActiveCfg = Debug|Any CPU
		{8DD4D52B-9FA0-4BFB-BC48-B39ABEBAC890}.Default|Any CPU.ActiveCfg = Debug|Any CPU
		{8DD4D52B-9FA0-4BFB-BC48-B39ABEBAC890}.Default|Any CPU.Build.0 = Debug|Any CPU
		{8DD4D52B-9FA0-4BFB-BC48-B39ABEBAC890}.Default|Mixed Platforms.ActiveCfg = Debug|Any CPU
		{8DD4D52B-9FA0-4BFB-BC48-B39ABEBAC890}.Default|Mixed Platforms.Build.0 = Debug|Any CPU
		{8DD4D52B-9FA0-4BFB-BC48-B39ABEBAC890}.Default|x86.ActiveCfg = Debug|Any CPU
		{8DD4D52B-9FA0-4BFB-BC48-B39ABEBAC890}.Release|.NET.ActiveCfg = Release|Any CPU
		{8DD4D52B-9FA0-4BFB-BC48-B39ABEBAC890}.Release|Any CPU.ActiveCfg = Release|Any CPU
		{8DD4D52B-9FA0-4BFB-BC48-B39ABEBAC890}.Release|Any CPU.Build.0 = Release|Any CPU
		{8DD4D52B-9FA0-4BFB-BC48-B39ABEBAC890}.Release|Mixed Platforms.ActiveCfg = Release|Any CPU
		{8DD4D52B-9FA0-4BFB-BC48-B39ABEBAC890}.Release|Mixed Platforms.Build.0 = Release|Any CPU
		{8DD4D52B-9FA0-4BFB-BC48-B39ABEBAC890}.Release|x86.ActiveCfg = Release|Any CPU
		{5C22242E-C0AB-418E-88A5-AEC217C42329}.Debug|.NET.ActiveCfg = Debug|Any CPU
		{5C22242E-C0AB-418E-88A5-AEC217C42329}.Debug|Any CPU.ActiveCfg = Debug|Any CPU
		{5C22242E-C0AB-418E-88A5-AEC217C42329}.Debug|Any CPU.Build.0 = Debug|Any CPU
		{5C22242E-C0AB-418E-88A5-AEC217C42329}.Debug|Mixed Platforms.ActiveCfg = Debug|Any CPU
		{5C22242E-C0AB-418E-88A5-AEC217C42329}.Debug|Mixed Platforms.Build.0 = Debug|Any CPU
		{5C22242E-C0AB-418E-88A5-AEC217C42329}.Debug|x86.ActiveCfg = Debug|Any CPU
		{5C22242E-C0AB-418E-88A5-AEC217C42329}.Default|.NET.ActiveCfg = Debug|Any CPU
		{5C22242E-C0AB-418E-88A5-AEC217C42329}.Default|Any CPU.ActiveCfg = Debug|Any CPU
		{5C22242E-C0AB-418E-88A5-AEC217C42329}.Default|Any CPU.Build.0 = Debug|Any CPU
		{5C22242E-C0AB-418E-88A5-AEC217C42329}.Default|Mixed Platforms.ActiveCfg = Debug|Any CPU
		{5C22242E-C0AB-418E-88A5-AEC217C42329}.Default|Mixed Platforms.Build.0 = Debug|Any CPU
		{5C22242E-C0AB-418E-88A5-AEC217C42329}.Default|x86.ActiveCfg = Debug|Any CPU
		{5C22242E-C0AB-418E-88A5-AEC217C42329}.Release|.NET.ActiveCfg = Release|Any CPU
		{5C22242E-C0AB-418E-88A5-AEC217C42329}.Release|Any CPU.ActiveCfg = Release|Any CPU
		{5C22242E-C0AB-418E-88A5-AEC217C42329}.Release|Any CPU.Build.0 = Release|Any CPU
		{5C22242E-C0AB-418E-88A5-AEC217C42329}.Release|Mixed Platforms.ActiveCfg = Release|Any CPU
		{5C22242E-C0AB-418E-88A5-AEC217C42329}.Release|Mixed Platforms.Build.0 = Release|Any CPU
		{5C22242E-C0AB-418E-88A5-AEC217C42329}.Release|x86.ActiveCfg = Release|Any CPU
		{D402F5FA-5777-4FB6-B7A1-97E7E8B43008}.Debug|.NET.ActiveCfg = Debug|Any CPU
		{D402F5FA-5777-4FB6-B7A1-97E7E8B43008}.Debug|Any CPU.ActiveCfg = Debug|Any CPU
		{D402F5FA-5777-4FB6-B7A1-97E7E8B43008}.Debug|Any CPU.Build.0 = Debug|Any CPU
		{D402F5FA-5777-4FB6-B7A1-97E7E8B43008}.Debug|Mixed Platforms.ActiveCfg = Debug|Any CPU
		{D402F5FA-5777-4FB6-B7A1-97E7E8B43008}.Debug|Mixed Platforms.Build.0 = Debug|Any CPU
		{D402F5FA-5777-4FB6-B7A1-97E7E8B43008}.Debug|x86.ActiveCfg = Debug|Any CPU
		{D402F5FA-5777-4FB6-B7A1-97E7E8B43008}.Default|.NET.ActiveCfg = Debug|Any CPU
		{D402F5FA-5777-4FB6-B7A1-97E7E8B43008}.Default|Any CPU.ActiveCfg = Debug|Any CPU
		{D402F5FA-5777-4FB6-B7A1-97E7E8B43008}.Default|Any CPU.Build.0 = Debug|Any CPU
		{D402F5FA-5777-4FB6-B7A1-97E7E8B43008}.Default|Mixed Platforms.ActiveCfg = Debug|Any CPU
		{D402F5FA-5777-4FB6-B7A1-97E7E8B43008}.Default|Mixed Platforms.Build.0 = Debug|Any CPU
		{D402F5FA-5777-4FB6-B7A1-97E7E8B43008}.Default|x86.ActiveCfg = Debug|Any CPU
		{D402F5FA-5777-4FB6-B7A1-97E7E8B43008}.Release|.NET.ActiveCfg = Release|Any CPU
		{D402F5FA-5777-4FB6-B7A1-97E7E8B43008}.Release|Any CPU.ActiveCfg = Release|Any CPU
		{D402F5FA-5777-4FB6-B7A1-97E7E8B43008}.Release|Any CPU.Build.0 = Release|Any CPU
		{D402F5FA-5777-4FB6-B7A1-97E7E8B43008}.Release|Mixed Platforms.ActiveCfg = Release|Any CPU
		{D402F5FA-5777-4FB6-B7A1-97E7E8B43008}.Release|Mixed Platforms.Build.0 = Release|Any CPU
		{D402F5FA-5777-4FB6-B7A1-97E7E8B43008}.Release|x86.ActiveCfg = Release|Any CPU
		{BBF7D722-8D15-47DC-9AC4-77E84EF04DFF}.Debug|.NET.ActiveCfg = Debug|Any CPU
		{BBF7D722-8D15-47DC-9AC4-77E84EF04DFF}.Debug|Any CPU.ActiveCfg = Debug|Any CPU
		{BBF7D722-8D15-47DC-9AC4-77E84EF04DFF}.Debug|Any CPU.Build.0 = Debug|Any CPU
		{BBF7D722-8D15-47DC-9AC4-77E84EF04DFF}.Debug|Mixed Platforms.ActiveCfg = Debug|Any CPU
		{BBF7D722-8D15-47DC-9AC4-77E84EF04DFF}.Debug|Mixed Platforms.Build.0 = Debug|Any CPU
		{BBF7D722-8D15-47DC-9AC4-77E84EF04DFF}.Debug|x86.ActiveCfg = Debug|Any CPU
		{BBF7D722-8D15-47DC-9AC4-77E84EF04DFF}.Default|.NET.ActiveCfg = Debug|Any CPU
		{BBF7D722-8D15-47DC-9AC4-77E84EF04DFF}.Default|Any CPU.ActiveCfg = Debug|Any CPU
		{BBF7D722-8D15-47DC-9AC4-77E84EF04DFF}.Default|Any CPU.Build.0 = Debug|Any CPU
		{BBF7D722-8D15-47DC-9AC4-77E84EF04DFF}.Default|Mixed Platforms.ActiveCfg = Debug|Any CPU
		{BBF7D722-8D15-47DC-9AC4-77E84EF04DFF}.Default|Mixed Platforms.Build.0 = Debug|Any CPU
		{BBF7D722-8D15-47DC-9AC4-77E84EF04DFF}.Default|x86.ActiveCfg = Debug|Any CPU
		{BBF7D722-8D15-47DC-9AC4-77E84EF04DFF}.Release|.NET.ActiveCfg = Release|Any CPU
		{BBF7D722-8D15-47DC-9AC4-77E84EF04DFF}.Release|Any CPU.ActiveCfg = Release|Any CPU
		{BBF7D722-8D15-47DC-9AC4-77E84EF04DFF}.Release|Any CPU.Build.0 = Release|Any CPU
		{BBF7D722-8D15-47DC-9AC4-77E84EF04DFF}.Release|Mixed Platforms.ActiveCfg = Release|Any CPU
		{BBF7D722-8D15-47DC-9AC4-77E84EF04DFF}.Release|Mixed Platforms.Build.0 = Release|Any CPU
		{BBF7D722-8D15-47DC-9AC4-77E84EF04DFF}.Release|x86.ActiveCfg = Release|Any CPU
		{DE119620-D463-427E-8A26-B9040762B863}.Debug|.NET.ActiveCfg = Debug|Any CPU
		{DE119620-D463-427E-8A26-B9040762B863}.Debug|Any CPU.ActiveCfg = Debug|Any CPU
		{DE119620-D463-427E-8A26-B9040762B863}.Debug|Any CPU.Build.0 = Debug|Any CPU
		{DE119620-D463-427E-8A26-B9040762B863}.Debug|Mixed Platforms.ActiveCfg = Debug|Any CPU
		{DE119620-D463-427E-8A26-B9040762B863}.Debug|Mixed Platforms.Build.0 = Debug|Any CPU
		{DE119620-D463-427E-8A26-B9040762B863}.Debug|x86.ActiveCfg = Debug|Any CPU
		{DE119620-D463-427E-8A26-B9040762B863}.Default|.NET.ActiveCfg = Debug|Any CPU
		{DE119620-D463-427E-8A26-B9040762B863}.Default|Any CPU.ActiveCfg = Debug|Any CPU
		{DE119620-D463-427E-8A26-B9040762B863}.Default|Any CPU.Build.0 = Debug|Any CPU
		{DE119620-D463-427E-8A26-B9040762B863}.Default|Mixed Platforms.ActiveCfg = Debug|Any CPU
		{DE119620-D463-427E-8A26-B9040762B863}.Default|Mixed Platforms.Build.0 = Debug|Any CPU
		{DE119620-D463-427E-8A26-B9040762B863}.Default|x86.ActiveCfg = Debug|Any CPU
		{DE119620-D463-427E-8A26-B9040762B863}.Release|.NET.ActiveCfg = Release|Any CPU
		{DE119620-D463-427E-8A26-B9040762B863}.Release|Any CPU.ActiveCfg = Release|Any CPU
		{DE119620-D463-427E-8A26-B9040762B863}.Release|Any CPU.Build.0 = Release|Any CPU
		{DE119620-D463-427E-8A26-B9040762B863}.Release|Mixed Platforms.ActiveCfg = Release|Any CPU
		{DE119620-D463-427E-8A26-B9040762B863}.Release|Mixed Platforms.Build.0 = Release|Any CPU
		{DE119620-D463-427E-8A26-B9040762B863}.Release|x86.ActiveCfg = Release|Any CPU
		{6EE8128B-7DDE-4DA5-B1EC-873B1E1F7582}.Debug|.NET.ActiveCfg = Debug|Any CPU
		{6EE8128B-7DDE-4DA5-B1EC-873B1E1F7582}.Debug|Any CPU.ActiveCfg = Debug|Any CPU
		{6EE8128B-7DDE-4DA5-B1EC-873B1E1F7582}.Debug|Any CPU.Build.0 = Debug|Any CPU
		{6EE8128B-7DDE-4DA5-B1EC-873B1E1F7582}.Debug|Mixed Platforms.ActiveCfg = Debug|Any CPU
		{6EE8128B-7DDE-4DA5-B1EC-873B1E1F7582}.Debug|Mixed Platforms.Build.0 = Debug|Any CPU
		{6EE8128B-7DDE-4DA5-B1EC-873B1E1F7582}.Debug|x86.ActiveCfg = Debug|Any CPU
		{6EE8128B-7DDE-4DA5-B1EC-873B1E1F7582}.Default|.NET.ActiveCfg = Debug|Any CPU
		{6EE8128B-7DDE-4DA5-B1EC-873B1E1F7582}.Default|Any CPU.ActiveCfg = Debug|Any CPU
		{6EE8128B-7DDE-4DA5-B1EC-873B1E1F7582}.Default|Any CPU.Build.0 = Debug|Any CPU
		{6EE8128B-7DDE-4DA5-B1EC-873B1E1F7582}.Default|Mixed Platforms.ActiveCfg = Debug|Any CPU
		{6EE8128B-7DDE-4DA5-B1EC-873B1E1F7582}.Default|Mixed Platforms.Build.0 = Debug|Any CPU
		{6EE8128B-7DDE-4DA5-B1EC-873B1E1F7582}.Default|x86.ActiveCfg = Debug|Any CPU
		{6EE8128B-7DDE-4DA5-B1EC-873B1E1F7582}.Release|.NET.ActiveCfg = Release|Any CPU
		{6EE8128B-7DDE-4DA5-B1EC-873B1E1F7582}.Release|Any CPU.ActiveCfg = Release|Any CPU
		{6EE8128B-7DDE-4DA5-B1EC-873B1E1F7582}.Release|Any CPU.Build.0 = Release|Any CPU
		{6EE8128B-7DDE-4DA5-B1EC-873B1E1F7582}.Release|Mixed Platforms.ActiveCfg = Release|Any CPU
		{6EE8128B-7DDE-4DA5-B1EC-873B1E1F7582}.Release|Mixed Platforms.Build.0 = Release|Any CPU
		{6EE8128B-7DDE-4DA5-B1EC-873B1E1F7582}.Release|x86.ActiveCfg = Release|Any CPU
		{5913D55A-2CD1-4D4D-B026-5BCF8C6421E2}.Debug|.NET.ActiveCfg = Debug|Any CPU
		{5913D55A-2CD1-4D4D-B026-5BCF8C6421E2}.Debug|Any CPU.ActiveCfg = Debug|Any CPU
		{5913D55A-2CD1-4D4D-B026-5BCF8C6421E2}.Debug|Any CPU.Build.0 = Debug|Any CPU
		{5913D55A-2CD1-4D4D-B026-5BCF8C6421E2}.Debug|Mixed Platforms.ActiveCfg = Debug|Any CPU
		{5913D55A-2CD1-4D4D-B026-5BCF8C6421E2}.Debug|Mixed Platforms.Build.0 = Debug|Any CPU
		{5913D55A-2CD1-4D4D-B026-5BCF8C6421E2}.Debug|x86.ActiveCfg = Debug|Any CPU
		{5913D55A-2CD1-4D4D-B026-5BCF8C6421E2}.Default|.NET.ActiveCfg = Debug|Any CPU
		{5913D55A-2CD1-4D4D-B026-5BCF8C6421E2}.Default|Any CPU.ActiveCfg = Debug|Any CPU
		{5913D55A-2CD1-4D4D-B026-5BCF8C6421E2}.Default|Any CPU.Build.0 = Debug|Any CPU
		{5913D55A-2CD1-4D4D-B026-5BCF8C6421E2}.Default|Mixed Platforms.ActiveCfg = Debug|Any CPU
		{5913D55A-2CD1-4D4D-B026-5BCF8C6421E2}.Default|Mixed Platforms.Build.0 = Debug|Any CPU
		{5913D55A-2CD1-4D4D-B026-5BCF8C6421E2}.Default|x86.ActiveCfg = Debug|Any CPU
		{5913D55A-2CD1-4D4D-B026-5BCF8C6421E2}.Release|.NET.ActiveCfg = Release|Any CPU
		{5913D55A-2CD1-4D4D-B026-5BCF8C6421E2}.Release|Any CPU.ActiveCfg = Release|Any CPU
		{5913D55A-2CD1-4D4D-B026-5BCF8C6421E2}.Release|Any CPU.Build.0 = Release|Any CPU
		{5913D55A-2CD1-4D4D-B026-5BCF8C6421E2}.Release|Mixed Platforms.ActiveCfg = Release|Any CPU
		{5913D55A-2CD1-4D4D-B026-5BCF8C6421E2}.Release|Mixed Platforms.Build.0 = Release|Any CPU
		{5913D55A-2CD1-4D4D-B026-5BCF8C6421E2}.Release|x86.ActiveCfg = Release|Any CPU
		{9D4F05F5-CD6B-4EAF-8B1B-2B4495D65025}.Debug|.NET.ActiveCfg = Debug|Any CPU
		{9D4F05F5-CD6B-4EAF-8B1B-2B4495D65025}.Debug|Any CPU.ActiveCfg = Debug|Any CPU
		{9D4F05F5-CD6B-4EAF-8B1B-2B4495D65025}.Debug|Any CPU.Build.0 = Debug|Any CPU
		{9D4F05F5-CD6B-4EAF-8B1B-2B4495D65025}.Debug|Mixed Platforms.ActiveCfg = Debug|Any CPU
		{9D4F05F5-CD6B-4EAF-8B1B-2B4495D65025}.Debug|Mixed Platforms.Build.0 = Debug|Any CPU
		{9D4F05F5-CD6B-4EAF-8B1B-2B4495D65025}.Debug|x86.ActiveCfg = Debug|Any CPU
		{9D4F05F5-CD6B-4EAF-8B1B-2B4495D65025}.Default|.NET.ActiveCfg = Debug|Any CPU
		{9D4F05F5-CD6B-4EAF-8B1B-2B4495D65025}.Default|Any CPU.ActiveCfg = Debug|Any CPU
		{9D4F05F5-CD6B-4EAF-8B1B-2B4495D65025}.Default|Any CPU.Build.0 = Debug|Any CPU
		{9D4F05F5-CD6B-4EAF-8B1B-2B4495D65025}.Default|Mixed Platforms.ActiveCfg = Debug|Any CPU
		{9D4F05F5-CD6B-4EAF-8B1B-2B4495D65025}.Default|Mixed Platforms.Build.0 = Debug|Any CPU
		{9D4F05F5-CD6B-4EAF-8B1B-2B4495D65025}.Default|x86.ActiveCfg = Debug|Any CPU
		{9D4F05F5-CD6B-4EAF-8B1B-2B4495D65025}.Release|.NET.ActiveCfg = Release|Any CPU
		{9D4F05F5-CD6B-4EAF-8B1B-2B4495D65025}.Release|Any CPU.ActiveCfg = Release|Any CPU
		{9D4F05F5-CD6B-4EAF-8B1B-2B4495D65025}.Release|Any CPU.Build.0 = Release|Any CPU
		{9D4F05F5-CD6B-4EAF-8B1B-2B4495D65025}.Release|Mixed Platforms.ActiveCfg = Release|Any CPU
		{9D4F05F5-CD6B-4EAF-8B1B-2B4495D65025}.Release|Mixed Platforms.Build.0 = Release|Any CPU
		{9D4F05F5-CD6B-4EAF-8B1B-2B4495D65025}.Release|x86.ActiveCfg = Release|Any CPU
	EndGlobalSection
	GlobalSection(SolutionProperties) = preSolution
		HideSolutionNode = FALSE
	EndGlobalSection
	GlobalSection(NestedProjects) = preSolution
		{AC057F17-39B6-4DF2-AD05-08B26124956C} = {75FF8F0A-4BA9-4E2A-BE3B-0CEFD51EB9FD}
		{8DD4D52B-9FA0-4BFB-BC48-B39ABEBAC890} = {55B191EC-A50A-4191-9FDB-4E523F82F69C}
		{5C22242E-C0AB-418E-88A5-AEC217C42329} = {55B191EC-A50A-4191-9FDB-4E523F82F69C}
		{D402F5FA-5777-4FB6-B7A1-97E7E8B43008} = {55B191EC-A50A-4191-9FDB-4E523F82F69C}
		{BBF7D722-8D15-47DC-9AC4-77E84EF04DFF} = {55B191EC-A50A-4191-9FDB-4E523F82F69C}
		{DE119620-D463-427E-8A26-B9040762B863} = {55B191EC-A50A-4191-9FDB-4E523F82F69C}
		{6EE8128B-7DDE-4DA5-B1EC-873B1E1F7582} = {55B191EC-A50A-4191-9FDB-4E523F82F69C}
		{5913D55A-2CD1-4D4D-B026-5BCF8C6421E2} = {55B191EC-A50A-4191-9FDB-4E523F82F69C}
		{9D4F05F5-CD6B-4EAF-8B1B-2B4495D65025} = {55B191EC-A50A-4191-9FDB-4E523F82F69C}
		{6B56687A-C9E0-499D-A46D-89AA7DF19813} = {AABF03A9-0E7F-44BA-B175-CC5A135F61FB}
	EndGlobalSection
EndGlobal
